
Microsoft Visual Studio Solution File, Format Version 12.00
# Visual Studio 15
VisualStudioVersion = 15.0.28307.1231
MinimumVisualStudioVersion = 10.0.40219.1
Project("{9A19103F-16F7-4668-BE54-9A1E7A4F7556}") = "Sinqia.CoreBank.API.Core", "API\Sinqia.CoreBank.API.Core\Sinqia.CoreBank.API.Core.csproj", "{CFB0F792-6791-4BC0-B5B3-630E60C5A999}"
	ProjectSection(ProjectDependencies) = postProject
		{7834A962-4FEE-4906-9C06-63DD759E9225} = {7834A962-4FEE-4906-9C06-63DD759E9225}
	EndProjectSection
EndProject
Project("{9A19103F-16F7-4668-BE54-9A1E7A4F7556}") = "Sinqia.CoreBank.Services.CUC", "API\Sinqia.CoreBank.Services.CUC\Sinqia.CoreBank.Services.CUC.csproj", "{1B56C704-AED3-4E6C-A344-F78342A23816}"
EndProject
Project("{9A19103F-16F7-4668-BE54-9A1E7A4F7556}") = "Sinqia.CoreBank.Logging", "Infraestrutura\Sinqia.CoreBank.Logging\Sinqia.CoreBank.Logging.csproj", "{3FACFC7C-87E2-4162-A97C-A6EECF9F5D45}"
	ProjectSection(ProjectDependencies) = postProject
		{445FF436-FC4F-47B1-96AD-A9D0514ECA9F} = {445FF436-FC4F-47B1-96AD-A9D0514ECA9F}
	EndProjectSection
EndProject
Project("{9A19103F-16F7-4668-BE54-9A1E7A4F7556}") = "Sinqia.CoreBank.InputOutput", "Infraestrutura\Sinqia.CoreBank.InputOutput\Sinqia.CoreBank.InputOutput.csproj", "{445FF436-FC4F-47B1-96AD-A9D0514ECA9F}"
EndProject
Project("{9A19103F-16F7-4668-BE54-9A1E7A4F7556}") = "Sinqia.CoreBank.Criptografia", "Seguranca\Sinqia.CoreBank.Criptografia\Sinqia.CoreBank.Criptografia.csproj", "{7834A962-4FEE-4906-9C06-63DD759E9225}"
EndProject
Project("{9A19103F-16F7-4668-BE54-9A1E7A4F7556}") = "Sinqia.CoreBank.Dominio.Corporativo", "Dominio\Sinqia.CoreBank.Dominio.Corporativo\Sinqia.CoreBank.Dominio.Corporativo.csproj", "{6DCA60E2-7CF5-4DBB-8F8D-4841A099EEF9}"
EndProject
Project("{9A19103F-16F7-4668-BE54-9A1E7A4F7556}") = "Sinqia.CoreBank.DAO.Corporativo", "DAO\Sinqia.CoreBank.DAO.Corporativo\Sinqia.CoreBank.DAO.Corporativo.csproj", "{F0609185-091B-4B2F-9CE7-E22E9DE80D38}"
	ProjectSection(ProjectDependencies) = postProject
		{6DCA60E2-7CF5-4DBB-8F8D-4841A099EEF9} = {6DCA60E2-7CF5-4DBB-8F8D-4841A099EEF9}
	EndProjectSection
EndProject
Project("{9A19103F-16F7-4668-BE54-9A1E7A4F7556}") = "Sinqia.CoreBank.DAO.Core", "DAO\Sinqia.CoreBank.DAO.Core\Sinqia.CoreBank.DAO.Core.csproj", "{3C52B8C9-CF9E-4552-87D8-EFE67F19B742}"
EndProject
Project("{2150E333-8FDC-42A3-9474-1A3956D46DE8}") = "Infraestrutura", "Infraestrutura", "{10B65279-8700-4B0A-B5AB-13A997D32314}"
EndProject
Project("{2150E333-8FDC-42A3-9474-1A3956D46DE8}") = "API", "API", "{9C5270E8-EF59-40C3-A0E2-8B1D55253570}"
EndProject
Project("{2150E333-8FDC-42A3-9474-1A3956D46DE8}") = "BLL", "BLL", "{10239089-859A-4F73-9B5A-6058F267AF63}"
EndProject
Project("{2150E333-8FDC-42A3-9474-1A3956D46DE8}") = "DAO", "DAO", "{62D34583-B0FB-48DE-B295-C3673D74FE57}"
EndProject
Project("{2150E333-8FDC-42A3-9474-1A3956D46DE8}") = "Dominio", "Dominio", "{039A4952-BC89-4B46-A917-4CDB6E4E15AA}"
EndProject
Project("{2150E333-8FDC-42A3-9474-1A3956D46DE8}") = "Seguranca", "Seguranca", "{3B327646-29A8-409E-A95A-5A03B1F029B5}"
EndProject
Project("{9A19103F-16F7-4668-BE54-9A1E7A4F7556}") = "TesteConsoleDao", "TesteConsoleDao\TesteConsoleDao.csproj", "{51F435EF-0EF8-461E-9C95-053F02AB63CB}"
	ProjectSection(ProjectDependencies) = postProject
		{7834A962-4FEE-4906-9C06-63DD759E9225} = {7834A962-4FEE-4906-9C06-63DD759E9225}
		{F0609185-091B-4B2F-9CE7-E22E9DE80D38} = {F0609185-091B-4B2F-9CE7-E22E9DE80D38}
		{6DCA60E2-7CF5-4DBB-8F8D-4841A099EEF9} = {6DCA60E2-7CF5-4DBB-8F8D-4841A099EEF9}
	EndProjectSection
EndProject
Project("{FAE04EC0-301F-11D3-BF4B-00C04F79EFBC}") = "Sinqia.CoreBank.BLL.Corporativo", "BLL\Sinqia.CoreBank.BLL.Corporativo\Sinqia.CoreBank.BLL.Corporativo.csproj", "{6911F7F1-A759-4B5B-BCD9-53F380037EB9}"
EndProject
Project("{FAE04EC0-301F-11D3-BF4B-00C04F79EFBC}") = "Sinqia.CoreBank.Dominio.Core", "Dominio\Sinqia.CoreBank.Dominio.Core\Sinqia.CoreBank.Dominio.Core.csproj", "{1BCD6F3E-29BE-4FA1-AB74-1EFA9AE8A2C3}"
EndProject
Project("{FAE04EC0-301F-11D3-BF4B-00C04F79EFBC}") = "Sinqia.CoreBank.Configuracao", "Infraestrutura\Sinqia.CoreBank.Configuracao\Sinqia.CoreBank.Configuracao.csproj", "{853B5E29-F9EB-443A-ADB8-7CC5AB276A96}"
EndProject
Global
	GlobalSection(SolutionConfigurationPlatforms) = preSolution
		Debug|Any CPU = Debug|Any CPU
		Release|Any CPU = Release|Any CPU
	EndGlobalSection
	GlobalSection(ProjectConfigurationPlatforms) = postSolution
		{CFB0F792-6791-4BC0-B5B3-630E60C5A999}.Debug|Any CPU.ActiveCfg = Debug|Any CPU
		{CFB0F792-6791-4BC0-B5B3-630E60C5A999}.Debug|Any CPU.Build.0 = Debug|Any CPU
		{CFB0F792-6791-4BC0-B5B3-630E60C5A999}.Release|Any CPU.ActiveCfg = Release|Any CPU
		{CFB0F792-6791-4BC0-B5B3-630E60C5A999}.Release|Any CPU.Build.0 = Release|Any CPU
		{1B56C704-AED3-4E6C-A344-F78342A23816}.Debug|Any CPU.ActiveCfg = Debug|Any CPU
		{1B56C704-AED3-4E6C-A344-F78342A23816}.Debug|Any CPU.Build.0 = Debug|Any CPU
		{1B56C704-AED3-4E6C-A344-F78342A23816}.Release|Any CPU.ActiveCfg = Release|Any CPU
		{1B56C704-AED3-4E6C-A344-F78342A23816}.Release|Any CPU.Build.0 = Release|Any CPU
		{3FACFC7C-87E2-4162-A97C-A6EECF9F5D45}.Debug|Any CPU.ActiveCfg = Debug|Any CPU
		{3FACFC7C-87E2-4162-A97C-A6EECF9F5D45}.Debug|Any CPU.Build.0 = Debug|Any CPU
		{3FACFC7C-87E2-4162-A97C-A6EECF9F5D45}.Release|Any CPU.ActiveCfg = Release|Any CPU
		{3FACFC7C-87E2-4162-A97C-A6EECF9F5D45}.Release|Any CPU.Build.0 = Release|Any CPU
		{445FF436-FC4F-47B1-96AD-A9D0514ECA9F}.Debug|Any CPU.ActiveCfg = Debug|Any CPU
		{445FF436-FC4F-47B1-96AD-A9D0514ECA9F}.Debug|Any CPU.Build.0 = Debug|Any CPU
		{445FF436-FC4F-47B1-96AD-A9D0514ECA9F}.Release|Any CPU.ActiveCfg = Release|Any CPU
		{445FF436-FC4F-47B1-96AD-A9D0514ECA9F}.Release|Any CPU.Build.0 = Release|Any CPU
		{7834A962-4FEE-4906-9C06-63DD759E9225}.Debug|Any CPU.ActiveCfg = Debug|Any CPU
		{7834A962-4FEE-4906-9C06-63DD759E9225}.Debug|Any CPU.Build.0 = Debug|Any CPU
		{7834A962-4FEE-4906-9C06-63DD759E9225}.Release|Any CPU.ActiveCfg = Release|Any CPU
		{7834A962-4FEE-4906-9C06-63DD759E9225}.Release|Any CPU.Build.0 = Release|Any CPU
		{6DCA60E2-7CF5-4DBB-8F8D-4841A099EEF9}.Debug|Any CPU.ActiveCfg = Debug|Any CPU
		{6DCA60E2-7CF5-4DBB-8F8D-4841A099EEF9}.Debug|Any CPU.Build.0 = Debug|Any CPU
		{6DCA60E2-7CF5-4DBB-8F8D-4841A099EEF9}.Release|Any CPU.ActiveCfg = Release|Any CPU
		{6DCA60E2-7CF5-4DBB-8F8D-4841A099EEF9}.Release|Any CPU.Build.0 = Release|Any CPU
		{F0609185-091B-4B2F-9CE7-E22E9DE80D38}.Debug|Any CPU.ActiveCfg = Debug|Any CPU
		{F0609185-091B-4B2F-9CE7-E22E9DE80D38}.Debug|Any CPU.Build.0 = Debug|Any CPU
		{F0609185-091B-4B2F-9CE7-E22E9DE80D38}.Release|Any CPU.ActiveCfg = Release|Any CPU
		{F0609185-091B-4B2F-9CE7-E22E9DE80D38}.Release|Any CPU.Build.0 = Release|Any CPU
		{3C52B8C9-CF9E-4552-87D8-EFE67F19B742}.Debug|Any CPU.ActiveCfg = Debug|Any CPU
		{3C52B8C9-CF9E-4552-87D8-EFE67F19B742}.Debug|Any CPU.Build.0 = Debug|Any CPU
		{3C52B8C9-CF9E-4552-87D8-EFE67F19B742}.Release|Any CPU.ActiveCfg = Release|Any CPU
		{3C52B8C9-CF9E-4552-87D8-EFE67F19B742}.Release|Any CPU.Build.0 = Release|Any CPU
		{51F435EF-0EF8-461E-9C95-053F02AB63CB}.Debug|Any CPU.ActiveCfg = Debug|Any CPU
		{51F435EF-0EF8-461E-9C95-053F02AB63CB}.Debug|Any CPU.Build.0 = Debug|Any CPU
		{51F435EF-0EF8-461E-9C95-053F02AB63CB}.Release|Any CPU.ActiveCfg = Release|Any CPU
		{51F435EF-0EF8-461E-9C95-053F02AB63CB}.Release|Any CPU.Build.0 = Release|Any CPU
		{6911F7F1-A759-4B5B-BCD9-53F380037EB9}.Debug|Any CPU.ActiveCfg = Debug|Any CPU
		{6911F7F1-A759-4B5B-BCD9-53F380037EB9}.Debug|Any CPU.Build.0 = Debug|Any CPU
		{6911F7F1-A759-4B5B-BCD9-53F380037EB9}.Release|Any CPU.ActiveCfg = Release|Any CPU
		{6911F7F1-A759-4B5B-BCD9-53F380037EB9}.Release|Any CPU.Build.0 = Release|Any CPU
		{1BCD6F3E-29BE-4FA1-AB74-1EFA9AE8A2C3}.Debug|Any CPU.ActiveCfg = Debug|Any CPU
		{1BCD6F3E-29BE-4FA1-AB74-1EFA9AE8A2C3}.Debug|Any CPU.Build.0 = Debug|Any CPU
		{1BCD6F3E-29BE-4FA1-AB74-1EFA9AE8A2C3}.Release|Any CPU.ActiveCfg = Release|Any CPU
		{1BCD6F3E-29BE-4FA1-AB74-1EFA9AE8A2C3}.Release|Any CPU.Build.0 = Release|Any CPU
		{853B5E29-F9EB-443A-ADB8-7CC5AB276A96}.Debug|Any CPU.ActiveCfg = Debug|Any CPU
		{853B5E29-F9EB-443A-ADB8-7CC5AB276A96}.Debug|Any CPU.Build.0 = Debug|Any CPU
		{853B5E29-F9EB-443A-ADB8-7CC5AB276A96}.Release|Any CPU.ActiveCfg = Release|Any CPU
		{853B5E29-F9EB-443A-ADB8-7CC5AB276A96}.Release|Any CPU.Build.0 = Release|Any CPU
	EndGlobalSection
	GlobalSection(SolutionProperties) = preSolution
		HideSolutionNode = FALSE
	EndGlobalSection
	GlobalSection(NestedProjects) = preSolution
		{CFB0F792-6791-4BC0-B5B3-630E60C5A999} = {9C5270E8-EF59-40C3-A0E2-8B1D55253570}
		{1B56C704-AED3-4E6C-A344-F78342A23816} = {9C5270E8-EF59-40C3-A0E2-8B1D55253570}
		{3FACFC7C-87E2-4162-A97C-A6EECF9F5D45} = {10B65279-8700-4B0A-B5AB-13A997D32314}
		{445FF436-FC4F-47B1-96AD-A9D0514ECA9F} = {10B65279-8700-4B0A-B5AB-13A997D32314}
		{7834A962-4FEE-4906-9C06-63DD759E9225} = {3B327646-29A8-409E-A95A-5A03B1F029B5}
		{6DCA60E2-7CF5-4DBB-8F8D-4841A099EEF9} = {039A4952-BC89-4B46-A917-4CDB6E4E15AA}
		{F0609185-091B-4B2F-9CE7-E22E9DE80D38} = {62D34583-B0FB-48DE-B295-C3673D74FE57}
		{3C52B8C9-CF9E-4552-87D8-EFE67F19B742} = {62D34583-B0FB-48DE-B295-C3673D74FE57}
		{51F435EF-0EF8-461E-9C95-053F02AB63CB} = {62D34583-B0FB-48DE-B295-C3673D74FE57}
		{6911F7F1-A759-4B5B-BCD9-53F380037EB9} = {10239089-859A-4F73-9B5A-6058F267AF63}
		{1BCD6F3E-29BE-4FA1-AB74-1EFA9AE8A2C3} = {039A4952-BC89-4B46-A917-4CDB6E4E15AA}
		{853B5E29-F9EB-443A-ADB8-7CC5AB276A96} = {10B65279-8700-4B0A-B5AB-13A997D32314}
	EndGlobalSection
	GlobalSection(ExtensibilityGlobals) = postSolution
		SolutionGuid = {F71A16CA-0FAC-4945-9CCE-7025CC7ECB98}
	EndGlobalSection
EndGlobal
